
Microsoft Visual Studio Solution File, Format Version 12.00
# Visual Studio Version 16
VisualStudioVersion = 16.0.30503.244
MinimumVisualStudioVersion = 10.0.40219.1
Project("{FAE04EC0-301F-11D3-BF4B-00C04F79EFBC}") = "Captcha", "Captcha\Captcha.csproj", "{9A7AB629-D12F-4F98-909F-03B05EEA5F4F}"
EndProject
Global
	GlobalSection(SolutionConfigurationPlatforms) = preSolution
		Debug|Any CPU = Debug|Any CPU
		Release|Any CPU = Release|Any CPU
	EndGlobalSection
	GlobalSection(ProjectConfigurationPlatforms) = postSolution
		{9A7AB629-D12F-4F98-909F-03B05EEA5F4F}.Debug|Any CPU.ActiveCfg = Debug|Any CPU
		{9A7AB629-D12F-4F98-909F-03B05EEA5F4F}.Debug|Any CPU.Build.0 = Debug|Any CPU
		{9A7AB629-D12F-4F98-909F-03B05EEA5F4F}.Release|Any CPU.ActiveCfg = Release|Any CPU
		{9A7AB629-D12F-4F98-909F-03B05EEA5F4F}.Release|Any CPU.Build.0 = Release|Any CPU
	EndGlobalSection
	GlobalSection(SolutionProperties) = preSolution
		HideSolutionNode = FALSE
	EndGlobalSection
	GlobalSection(ExtensibilityGlobals) = postSolution
		SolutionGuid = {5D4F3F17-0CDA-4521-BEEE-F048CCFD8034}
	EndGlobalSection
EndGlobal
